<?xml version="1.0" encoding="utf-8"?>
<Project ToolsVersion="4.0" xmlns="http://schemas.microsoft.com/developer/msbuild/2003">
  <ItemGroup>
    <Filter Include="Source Files">
      <UniqueIdentifier>{4FC737F1-C7A5-4376-A066-2A32D752A2FF}</UniqueIdentifier>
      <Extensions>cpp;c;cc;cxx;def;odl;idl;hpj;bat;asm;asmx</Extensions>
    </Filter>
    <Filter Include="Header Files">
      <UniqueIdentifier>{93995380-89BD-4b04-88EB-625FBE52EBFB}</UniqueIdentifier>
      <Extensions>h;hh;hpp;hxx;hm;inl;inc;ipp;xsd</Extensions>
    </Filter>
    <Filter Include="Resource Files">
      <UniqueIdentifier>{67DA6AB6-F800-4c08-8B7A-83BB121AAD01}</UniqueIdentifier>
      <Extensions>rc;ico;cur;bmp;dlg;rc2;rct;bin;rgs;gif;jpg;jpeg;jpe;resx;tiff;tif;png;wav;mfcribbon-ms</Extensions>
    </Filter>
    <Filter Include="Request">
      <UniqueIdentifier>{1012b7b5-8651-41f4-8a4f-397abc8002ad}</UniqueIdentifier>
    </Filter>
    <Filter Include="Room">
      <UniqueIdentifier>{08690a9f-dded-4edc-8480-fb787f6de570}</UniqueIdentifier>
    </Filter>
    <Filter Include="Visitor">
      <UniqueIdentifier>{1a93d5cc-2e57-4ebd-b860-638befee3043}</UniqueIdentifier>
    </Filter>
    <Filter Include="MessageStorage">
      <UniqueIdentifier>{be47aad8-195a-4829-ab15-e649de7a3385}</UniqueIdentifier>
    </Filter>
  </ItemGroup>
  <ItemGroup>
    <ClInclude Include="MessageBroker.h">
      <Filter>Header Files</Filter>
    </ClInclude>
    <ClInclude Include="RequestListener.h">
      <Filter>Request</Filter>
    </ClInclude>
    <ClInclude Include="RoomManager.h">
      <Filter>Room</Filter>
    </ClInclude>
    <ClInclude Include="CategoryRoom.h">
      <Filter>Room</Filter>
    </ClInclude>
    <ClInclude Include="BaseRoom.h">
      <Filter>Room</Filter>
    </ClInclude>
    <ClInclude Include="MessageChannel.h">
      <Filter>Header Files</Filter>
    </ClInclude>
    <ClInclude Include="TopicRoom.h">
      <Filter>Room</Filter>
    </ClInclude>
    <ClInclude Include="BaseVisitor.h">
      <Filter>Visitor</Filter>
    </ClInclude>
    <ClInclude Include="Receiver.h">
      <Filter>Visitor</Filter>
    </ClInclude>
    <ClInclude Include="Sender.h">
      <Filter>Visitor</Filter>
    </ClInclude>
    <ClInclude Include="MessageQueue.h">
      <Filter>MessageStorage</Filter>
    </ClInclude>
    <ClInclude Include="RequestHandler.h">
      <Filter>Request</Filter>
    </ClInclude>
    <ClInclude Include="MessageBrokerDef.h">
      <Filter>Header Files</Filter>
    </ClInclude>
    <ClInclude Include="..\Common\Utility.h">
      <Filter>Header Files</Filter>
    </ClInclude>
    <ClInclude Include="..\Common\Worker.h">
      <Filter>Header Files</Filter>
    </ClInclude>
    <ClInclude Include="..\Common\LockedContainer.h">
      <Filter>Header Files</Filter>
    </ClInclude>
  </ItemGroup>
  <ItemGroup>
    <None Include="packages.config" />
  </ItemGroup>
  <ItemGroup>
    <ClCompile Include="Source.cpp">
      <Filter>Source Files</Filter>
    </ClCompile>
    <ClCompile Include="MessageBroker.cpp">
      <Filter>Source Files</Filter>
    </ClCompile>
    <ClCompile Include="RequestListener.cpp">
      <Filter>Request</Filter>
    </ClCompile>
    <ClCompile Include="RoomManager.cpp">
      <Filter>Room</Filter>
    </ClCompile>
    <ClCompile Include="CategoryRoom.cpp">
      <Filter>Room</Filter>
    </ClCompile>
    <ClCompile Include="BaseRoom.cpp">
      <Filter>Room</Filter>
    </ClCompile>
    <ClCompile Include="TopicRoom.cpp">
      <Filter>Room</Filter>
    </ClCompile>
    <ClCompile Include="BaseVisitor.cpp">
      <Filter>Visitor</Filter>
    </ClCompile>
    <ClCompile Include="Receiver.cpp">
      <Filter>Visitor</Filter>
    </ClCompile>
    <ClCompile Include="Sender.cpp">
      <Filter>Visitor</Filter>
    </ClCompile>
    <ClCompile Include="MessageQueue.cpp">
      <Filter>MessageStorage</Filter>
    </ClCompile>
    <ClCompile Include="RequestHandler.cpp">
      <Filter>Request</Filter>
    </ClCompile>
  </ItemGroup>
</Project>